
Microsoft Visual Studio Solution File, Format Version 12.00
# Visual Studio Version 17
VisualStudioVersion = 17.5.33530.505
MinimumVisualStudioVersion = 10.0.40219.1
Project("{FAE04EC0-301F-11D3-BF4B-00C04F79EFBC}") = "MyXUnitProjekt", "MyXUnitProjekt\MyXUnitProjekt.csproj", "{1EE7CDD3-82D9-4387-8958-002EB82BE2B1}"
EndProject
Project("{FAE04EC0-301F-11D3-BF4B-00C04F79EFBC}") = "MyXUnitProjektTest", "MyXUnitProjektTest\MyXUnitProjektTest.csproj", "{37483CA5-25E9-4F2D-AC8A-9FC1E1FB7550}"
EndProject
Global
	GlobalSection(SolutionConfigurationPlatforms) = preSolution
		Debug|Any CPU = Debug|Any CPU
		Release|Any CPU = Release|Any CPU
	EndGlobalSection
	GlobalSection(ProjectConfigurationPlatforms) = postSolution
		{1EE7CDD3-82D9-4387-8958-002EB82BE2B1}.Debug|Any CPU.ActiveCfg = Debug|Any CPU
		{1EE7CDD3-82D9-4387-8958-002EB82BE2B1}.Debug|Any CPU.Build.0 = Debug|Any CPU
		{1EE7CDD3-82D9-4387-8958-002EB82BE2B1}.Release|Any CPU.ActiveCfg = Release|Any CPU
		{1EE7CDD3-82D9-4387-8958-002EB82BE2B1}.Release|Any CPU.Build.0 = Release|Any CPU
		{37483CA5-25E9-4F2D-AC8A-9FC1E1FB7550}.Debug|Any CPU.ActiveCfg = Debug|Any CPU
		{37483CA5-25E9-4F2D-AC8A-9FC1E1FB7550}.Debug|Any CPU.Build.0 = Debug|Any CPU
		{37483CA5-25E9-4F2D-AC8A-9FC1E1FB7550}.Release|Any CPU.ActiveCfg = Release|Any CPU
		{37483CA5-25E9-4F2D-AC8A-9FC1E1FB7550}.Release|Any CPU.Build.0 = Release|Any CPU
	EndGlobalSection
	GlobalSection(SolutionProperties) = preSolution
		HideSolutionNode = FALSE
	EndGlobalSection
	GlobalSection(ExtensibilityGlobals) = postSolution
		SolutionGuid = {DB650E4D-EC94-4EEA-BB47-05175037FE50}
	EndGlobalSection
EndGlobal
